Microsoft Visual Studio Solution File, Format Version 12.00
# Visual Studio Version 18
VisualStudioVersion = 18.4.11702.344 oobstable
MinimumVisualStudioVersion = 10.0.40219.1
Project("{FAE04EC0-301F-11D3-BF4B-00C04F79EFBC}") = "Jellyfin.Plugin.AniList", "Jellyfin.Plugin.AniList\Jellyfin.Plugin.AniList.csproj", "{1363456E-55A2-4FC5-872D-97923FCD34F2}"
EndProject
Project("{FAE04EC0-301F-11D3-BF4B-00C04F79EFBC}") = "Jellyfin.Plugin.AniList.Tests", "Jellyfin.Plugin.AniList.Tests\Jellyfin.Plugin.AniList.Tests.csproj", "{030C5AC0-5A9C-45EF-8C29-E9C5C5E89DAA}"
EndProject
Global
	GlobalSection(SolutionConfigurationPlatforms) = preSolution
		Debug|Any CPU = Debug|Any CPU
		Release|Any CPU = Release|Any CPU
	EndGlobalSection
	GlobalSection(ProjectConfigurationPlatforms) = postSolution
		{1363456E-55A2-4FC5-872D-97923FCD34F2}.Debug|Any CPU.ActiveCfg = Debug|Any CPU
		{1363456E-55A2-4FC5-872D-97923FCD34F2}.Debug|Any CPU.Build.0 = Debug|Any CPU
		{1363456E-55A2-4FC5-872D-97923FCD34F2}.Release|Any CPU.ActiveCfg = Release|Any CPU
		{1363456E-55A2-4FC5-872D-97923FCD34F2}.Release|Any CPU.Build.0 = Release|Any CPU
		{030C5AC0-5A9C-45EF-8C29-E9C5C5E89DAA}.Debug|Any CPU.ActiveCfg = Debug|Any CPU
		{030C5AC0-5A9C-45EF-8C29-E9C5C5E89DAA}.Debug|Any CPU.Build.0 = Debug|Any CPU
		{030C5AC0-5A9C-45EF-8C29-E9C5C5E89DAA}.Release|Any CPU.ActiveCfg = Release|Any CPU
		{030C5AC0-5A9C-45EF-8C29-E9C5C5E89DAA}.Release|Any CPU.Build.0 = Release|Any CPU
	EndGlobalSection
	GlobalSection(SolutionProperties) = preSolution
		HideSolutionNode = FALSE
	EndGlobalSection
	GlobalSection(ExtensibilityGlobals) = postSolution
		SolutionGuid = {0DCE7939-D75F-406C-8E3A-C3648C2A1262}
	EndGlobalSection
EndGlobal
